# This file is @generated by PDM.
# It is not intended for manual editing.

[metadata]
groups = ["default", "lint", "test", "typing"]
strategy = []
lock_version = "4.5.1"
content_hash = "sha256:7b61dd578305c2f2c095ea5cc68b8114a3e938fd55cf0622ba2d21abe0972835"

[[metadata.targets]]
requires_python = "==3.14.*"

[[package]]
name = "annotated-doc"
version = "0.0.5"
summary = ""
files = [
    {file = "annotated_doc-0.0.5-py3-none-any.whl", hash = "sha256:117bac03a25ede5df5440e855b32d556049ca169ead221505badf432fed4b101"},
    {file = "annotated_doc-0.0.5.tar.gz", hash = "sha256:c7e58ce09192557605d8bbd92836d7e1d520ac9580096042c0bfd197efacf1bb"},
]

[[package]]
name = "annotated-types"
version = "0.8.0"
summary = ""
files = [
    {file = "annotated_types-0.8.0-py3-none-any.whl", hash = "sha256:f072f4d804ea359e4eaf198b1af7a8b0943881a87f31bb764f8bf219bb9419e0"},
    {file = "annotated_types-0.8.0.tar.gz", hash = "sha256:13b2beaad985e05e2d6407ee4c4f35590b11f8d693a258a561055cac8f64cab7"},
]

[[package]]
name = "anyio"
version = "4.15.0"
summary = ""
dependencies = [
    "idna",
    "typing-extensions",
]
files = [
    {file = "anyio-4.15.0-py3-none-any.whl", hash = "sha256:7ecd9937369ffce8bba0b5ccb9b3a9507b101b0ed50256aecfbab27e6c2acb99"},
    {file = "anyio-4.15.0.tar.gz", hash = "sha256:b5c620ed540725e2579c31b17bb995b3bf02c9281c9cace04c7d186380bab85e"},
]

[[package]]
name = "click"
version = "8.5.0"
summary = ""
files = [
    {file = "click-8.5.0-py3-none-any.whl", hash = "sha256:255bc9599cf7748b4b1a446ccc735421bd08a2ae529a8b88597d3de5664ee360"},
    {file = "click-8.5.0.tar.gz", hash = "sha256:ba0d2089de75ea0310e2dde03160e6ca10009947fb95a182f9b54021bb272e34"},
]

[[package]]
name = "colorama"
version = "0.4.6"
summary = ""
files = [
    {file = "colorama-0.4.6-py2.py3-none-any.whl", hash = "sha256:4f1d9991f5acc0ca119f9d443620b77f9d6b33703e51011c16baf57afb285fc6"},
    {file = "colorama-0.4.6.tar.gz", hash = "sha256:08695f5cb7ed6e0531a20572697297273c47b8cae5a63ffc6d6ed5c201be6e44"},
]

[[package]]
name = "coverage"
version = "7.16.0"
summary = ""
files = [
    {file = "coverage-7.16.0-cp314-cp314-macosx_10_15_x86_64.whl", hash = "sha256:54b7fba6a74d010de34319a0419d5b65af8c00f539ad0b6f39fc6f342ab99697"},
    {file = "coverage-7.16.0-cp314-cp314-macosx_11_0_arm64.whl", hash = "sha256:fa4ff0b3dd52208d2b30903022d5087f82000507b504753dfeee83e4f32d6883"},
    {file = "coverage-7.16.0-cp314-cp314-manylinux1_i686.manylinux_2_28_i686.manylinux_2_5_i686.whl", hash = "sha256:35a9676bf86097f790113ebd9fb67681804ef54d40941d2f10ba68c02239e575"},
    {file = "coverage-7.16.0-cp314-cp314-manylinux1_x86_64.manylinux_2_28_x86_64.manylinux_2_5_x86_64.whl", hash = "sha256:f98d438add63546745e5e847192e3e9ab897ed6f2ca96f8281e2f5a15958ae62"},
    {file = "coverage-7.16.0-cp314-cp314-manylinux2014_aarch64.manylinux_2_17_aarch64.manylinux_2_28_aarch64.whl", hash = "sha256:151855767480be14db595cbc2040f6a4db965cdfeebd354d79b0256742b029e0"},
    {file = "coverage-7.16.0-cp314-cp314-manylinux2014_ppc64le.manylinux_2_17_ppc64le.manylinux_2_28_ppc64le.whl", hash = "sha256:183613f664718b340589d7f005c7e92b4b601cffd20a8a4117cfda3e983b080f"},
    {file = "coverage-7.16.0-cp314-cp314-manylinux_2_31_riscv64.manylinux_2_39_riscv64.whl", hash = "sha256:785b114356c99c0dd5b3f57b9696cfd57b7704f4c53847df8dc88c6cc0d9bcb6"},
    {file = "coverage-7.16.0-cp314-cp314-musllinux_1_2_aarch64.whl", hash = "sha256:30f5aee6d1d517abcdfd4f9cad027969ff79a1440a22da263f9514e31b5b66e9"},
    {file = "coverage-7.16.0-cp314-cp314-musllinux_1_2_i686.whl", hash = "sha256:190ffa0f5af966254c249fb3aeaca2cef389785e3e287fd577d39e134d20f8a3"},
    {file = "coverage-7.16.0-cp314-cp314-musllinux_1_2_ppc64le.whl", hash = "sha256:0ccc37c00e1a5d30840902c54557e104d04aead872cedf6d2281c8725a467e06"},
    {file = "coverage-7.16.0-cp314-cp314-musllinux_1_2_riscv64.whl", hash = "sha256:6c60cde430c0e7e3be612973af39b4cff90ec2e2defe7b2b701daea3a0ffff04"},
    {file = "coverage-7.16.0-cp314-cp314-musllinux_1_2_x86_64.whl", hash = "sha256:c5297028c8df849a61b29129cadfe682f90b5b396f528eb319a57d7678eefdad"},
    {file = "coverage-7.16.0-cp314-cp314-win32.whl", hash = "sha256:136988df5bc5a48795d9c42c75c4bbda5d9a78e750a080c1233010edff93a1af"},
    {file = "coverage-7.16.0-cp314-cp314-win_amd64.whl", hash = "sha256:ce2ba5e9f1842fe09165825abfb3bc6b527c71a27bc2eb3a10f2284ced64506d"},
    {file = "coverage-7.16.0-cp314-cp314-win_arm64.whl", hash = "sha256:a89d07e48d9baead9a15599923a02f62c6df6c3d85aa84ef34be3c9fd6aeb91f"},
    {file = "coverage-7.16.0-cp314-cp314t-macosx_10_15_x86_64.whl", hash = "sha256:6e2854b62601c89a63814ad5def3b90d99c6724cc4cb977f75b725e5fca4b1e3"},
    {file = "coverage-7.16.0-cp314-cp314t-macosx_11_0_arm64.whl", hash = "sha256:f093faf23df888518d273be6da65f0ec5a25b5d8b670231e4d87de07361042e7"},
    {file = "coverage-7.16.0-cp314-cp314t-manylinux1_i686.manylinux_2_28_i686.manylinux_2_5_i686.whl", hash = "sha256:b7dbbbf6551eb94618e7bc76ab61cc2740a5b3d13294171bd6adb36e12346c3c"},
    {file = "coverage-7.16.0-cp314-cp314t-manylinux1_x86_64.manylinux_2_28_x86_64.manylinux_2_5_x86_64.whl", hash = "sha256:51e7d0e311d2fba3915f971236cbdd4ad821fc7a23988221c0b33c964b0eba22"},
    {file = "coverage-7.16.0-cp314-cp314t-manylinux2014_aarch64.manylinux_2_17_aarch64.manylinux_2_28_aarch64.whl", hash = "sha256:0bb04ee77e557d7476471969d35fbbfb5fc8a4152e9409aa5811780c36d9b23e"},
    {file = "coverage-7.16.0-cp314-cp314t-manylinux2014_ppc64le.manylinux_2_17_ppc64le.manylinux_2_28_ppc64le.whl", hash = "sha256:c72c9b201dc0e8c2c8821d49858fd865010d08181bf877d2320971b6464ebfd5"},
    {file = "coverage-7.16.0-cp314-cp314t-manylinux_2_31_riscv64.manylinux_2_39_riscv64.whl", hash = "sha256:0fca700cae4635656668ba6e2b66a85aac9f2622d7b2bcf82e844c409eaa1313"},
    {file = "coverage-7.16.0-cp314-cp314t-musllinux_1_2_aarch64.whl", hash = "sha256:584896fb8b650e999e24ef57e9513e482c12f8e15a73ee9d4584e23c99465867"},
    {file = "coverage-7.16.0-cp314-cp314t-musllinux_1_2_i686.whl", hash = "sha256:949eae7e0f562b1518355aaef4b03523e49a6d3fea12aa3542d9e36c863f8267"},
    {file = "coverage-7.16.0-cp314-cp314t-musllinux_1_2_ppc64le.whl", hash = "sha256:64f0611ee05364fc85cc3e5bc371804117a76fd337720e6017332fc7c534257a"},
    {file = "coverage-7.16.0-cp314-cp314t-musllinux_1_2_riscv64.whl", hash = "sha256:050a291b3cfe5e0df5999ef2fa5a7aff6e2db329f069d47eb63f02bde2e7e96b"},
    {file = "coverage-7.16.0-cp314-cp314t-musllinux_1_2_x86_64.whl", hash = "sha256:a336b1e2990a64f5c356a9b8380fb9c029d56c832b801255250c44d603271bfd"},
    {file = "coverage-7.16.0-cp314-cp314t-win32.whl", hash = "sha256:058631257350b31784ed43ceb808298b6f074edf4ebca4c7ce5082e6bf873a61"},
    {file = "coverage-7.16.0-cp314-cp314t-win_amd64.whl", hash = "sha256:ed35097438dfa980c1ec75bc83edf8acbe7a374d7007e571957a257fbd0e2fb3"},
    {file = "coverage-7.16.0-cp314-cp314t-win_arm64.whl", hash = "sha256:0466f4a5c0370461b7d8c7eb259d7d1db0b5756f13d66230b04d22a1d380ee11"},
    {file = "coverage-7.16.0-py3-none-any.whl", hash = "sha256:245f7de6d023a5bba375dbec9f2e0869bfa26ac0cc639bbb7b4c814884000b73"},
    {file = "coverage-7.16.0.tar.gz", hash = "sha256:077f0964087883176ff6ab9b074694cae29f8c708273b13ca62c183c6ed716cd"},
]

[[package]]
name = "fastapi"
version = "0.141.1"
summary = ""
dependencies = [
    "annotated-doc",
    "pydantic",
    "starlette",
    "typing-extensions",
    "typing-inspection",
]
files = [
    {file = "fastapi-0.141.1-py3-none-any.whl", hash = "sha256:bfb91aa2d334c61cb35ba9a116fc123b3d3df31640b801cf57a7a78ec3f603b3"},
    {file = "fastapi-0.141.1.tar.gz", hash = "sha256:e8822fc40db1e1858054d7a949a888695bc9bdce70139178e33bd2871a453ca1"},
]

[[package]]
name = "freezegun"
version = "1.5.5"
summary = ""
dependencies = [
    "python-dateutil",
]
files = [
    {file = "freezegun-1.5.5-py3-none-any.whl", hash = "sha256:cd557f4a75cf074e84bc374249b9dd491eaeacd61376b9eb3c423282211619d2"},
    {file = "freezegun-1.5.5.tar.gz", hash = "sha256:ac7742a6cc6c25a2c35e9292dfd554b897b517d2dec26891a2e8debf205cb94a"},
]

[[package]]
name = "h11"
version = "0.16.0"
summary = ""
files = [
    {file = "h11-0.16.0-py3-none-any.whl", hash = "sha256:63cf8bbe7522de3bf65932fda1d9c2772064ffb3dae62d55932da54b31cb6c86"},
    {file = "h11-0.16.0.tar.gz", hash = "sha256:4e35b956cf45792e4caa5885e69fba00bdbc6ffafbfa020300e549b208ee5ff1"},
]

[[package]]
name = "idna"
version = "3.19"
summary = ""
files = [
    {file = "idna-3.19-py3-none-any.whl", hash = "sha256:815e7be7a7806d54abb586dc943addc79e8b2ee16915059658cbeff4b1b43bf4"},
    {file = "idna-3.19.tar.gz", hash = "sha256:5e0811a4383b21dc5838069f801c4fb62113b7447663d2530d2bd6e77b49bf15"},
]

[[package]]
name = "iniconfig"
version = "2.3.0"
summary = ""
files = [
    {file = "iniconfig-2.3.0-py3-none-any.whl", hash = "sha256:f631c04d2c48c52b84d0d0549c99ff3859c98df65b3101406327ecc7d53fbf12"},
    {file = "iniconfig-2.3.0.tar.gz", hash = "sha256:c76315c77db068650d49c5b56314774a7804df16fee4402c1f19d6d15d8c4730"},
]

[[package]]
name = "packaging"
version = "26.3"
summary = ""
files = [
    {file = "packaging-26.3-py3-none-any.whl", hash = "sha256:d7193f7c8e4e93f444fde0262bf90af30e16fa0ad0ad44cb553c87339b23cd1c"},
    {file = "packaging-26.3.tar.gz", hash = "sha256:94edc256424af38762eb31306eed28beb9f0efc50a8837492c9d6fd6004aed79"},
]

[[package]]
name = "pluggy"
version = "1.6.0"
summary = ""
files = [
    {file = "pluggy-1.6.0-py3-none-any.whl", hash = "sha256:e920276dd6813095e9377c0bc5566d94c932c33b27a3e3945d8389c374dd4746"},
    {file = "pluggy-1.6.0.tar.gz", hash = "sha256:7dcc130b76258d33b90f61b658791dede3486c3e6bfb003ee5c9bfb396dd22f3"},
]

[[package]]
name = "psycopg2-binary"
version = "2.9.12"
summary = ""
files = [
    {file = "psycopg2_binary-2.9.12-cp314-cp314-macosx_10_15_x86_64.whl", hash = "sha256:6f3b3de8a74ef8db215f22edffb19e32dc6fa41340456de7ec99efdc8a7b3ec2"},
    {file = "psycopg2_binary-2.9.12-cp314-cp314-macosx_11_0_arm64.whl", hash = "sha256:1006fb62f0f0bc5ce256a832356c6262e91be43f5e4eb15b5eaf38079464caf2"},
    {file = "psycopg2_binary-2.9.12-cp314-cp314-manylinux2014_ppc64le.manylinux_2_17_ppc64le.whl", hash = "sha256:840066105706cd2eb29b9a1c2329620056582a4bf3e8169dec5c447042d0869f"},
    {file = "psycopg2_binary-2.9.12-cp314-cp314-manylinux2014_x86_64.manylinux_2_17_x86_64.whl", hash = "sha256:863f5d12241ebe1c76a72a04c2113b6dc905f90b9cef0e9be0efd994affd9354"},
    {file = "psycopg2_binary-2.9.12-cp314-cp314-manylinux_2_27_aarch64.manylinux_2_28_aarch64.whl", hash = "sha256:a99eaab34a9010f1a086b126de467466620a750634d114d20455f3a824aae033"},
    {file = "psycopg2_binary-2.9.12-cp314-cp314-manylinux_2_38_riscv64.manylinux_2_39_riscv64.whl", hash = "sha256:ffdd7dc5463ccd61845ac37b7012d0f35a1548df9febe14f8dd549be4a0bc81e"},
    {file = "psycopg2_binary-2.9.12-cp314-cp314-musllinux_1_2_aarch64.whl", hash = "sha256:54a0dfecab1b48731f934e06139dfe11e24219fb6d0ceb32177cf0375f14c7b5"},
    {file = "psycopg2_binary-2.9.12-cp314-cp314-musllinux_1_2_ppc64le.whl", hash = "sha256:96937c9c5d891f772430f418a7a8b4691a90c3e6b93cf72b5bd7cad8cbca32a5"},
    {file = "psycopg2_binary-2.9.12-cp314-cp314-musllinux_1_2_riscv64.whl", hash = "sha256:77b348775efd4cdab410ec6609d81ccecd1139c90265fa583a7255c8064bc03d"},
    {file = "psycopg2_binary-2.9.12-cp314-cp314-musllinux_1_2_x86_64.whl", hash = "sha256:527e6342b3e44c2f0544f6b8e927d60de7f163f5723b8f1dfa7d2a84298738cd"},
    {file = "psycopg2_binary-2.9.12-cp314-cp314-win_amd64.whl", hash = "sha256:f12ae41fcafadb39b2785e64a40f9db05d6de2ac114077457e0e7c597f3af980"},
    {file = "psycopg2_binary-2.9.12.tar.gz", hash = "sha256:5ac9444edc768c02a6b6a591f070b8aae28ff3a99be57560ac996001580f294c"},
]

[[package]]
name = "pydantic"
version = "2.13.5"
summary = ""
dependencies = [
    "annotated-types",
    "pydantic-core",
    "typing-extensions",
    "typing-inspection",
]
files = [
    {file = "pydantic-2.13.5-py3-none-any.whl", hash = "sha256:346a034f080da3755d8e9cb5e00e8b07de1d39e4f6e2c87d8ab7cafa0b269a73"},
    {file = "pydantic-2.13.5.tar.gz", hash = "sha256:51a9c5f7b2f8e636f04c6cada605d9b6a3bf1348fdf945a3d8869b19bba0ee08"},
]

[[package]]
name = "pydantic-core"
version = "2.46.5"
summary = ""
dependencies = [
    "typing-extensions",
]
files = [
    {file = "pydantic_core-2.46.5-cp314-cp314-macosx_10_12_x86_64.whl", hash = "sha256:c1c43ad4339643d70ebb8124e1305a7dab423001eff58bb41a0f731adbc98355"},
    {file = "pydantic_core-2.46.5-cp314-cp314-macosx_11_0_arm64.whl", hash = "sha256:1a353f84de772f423b5ffb11d7ae352fbbef0f446f3c0b0af0f8236d7233606e"},
    {file = "pydantic_core-2.46.5-cp314-cp314-manylinux_2_17_aarch64.manylinux2014_aarch64.whl", hash = "sha256:5086029a57366b8cf81b130a43908738095c270c21a8d7f0e8bdfdb89718e2f3"},
    {file = "pydantic_core-2.46.5-cp314-cp314-manylinux_2_17_armv7l.manylinux2014_armv7l.whl", hash = "sha256:46c25dda9d092a06c08db76ffe0a197107904d0dfac653f7d5306bbcd6d6119c"},
    {file = "pydantic_core-2.46.5-cp314-cp314-manylinux_2_17_ppc64le.manylinux2014_ppc64le.whl", hash = "sha256:37ea7b83c935e5b0d68c9449b82651accf78a10828b2c02b2f2d9e9496446c21"},
    {file = "pydantic_core-2.46.5-cp314-cp314-manylinux_2_17_s390x.manylinux2014_s390x.whl", hash = "sha256:e64e88d5585bea9ce95861079de72006c7fa6d3df4e3a3b65ba31eb979c15c9f"},
    {file = "pydantic_core-2.46.5-cp314-cp314-manylinux_2_17_x86_64.manylinux2014_x86_64.whl", hash = "sha256:54d510bac3ee52247af28ed4bb18a1e799f040ac60fd2bf5ccd4c92f1fbe786f"},
    {file = "pydantic_core-2.46.5-cp314-cp314-manylinux_2_31_riscv64.whl", hash = "sha256:a2a5e1d0ff29adddc9f6d6821a66302e4493f8ca898b715b6b1182c2c201ea0a"},
    {file = "pydantic_core-2.46.5-cp314-cp314-manylinux_2_5_i686.manylinux1_i686.whl", hash = "sha256:03b9666e41e35d8909852ba191a0607520f81b74eaf12ccf8737005dbb313821"},
    {file = "pydantic_core-2.46.5-cp314-cp314-musllinux_1_1_aarch64.whl", hash = "sha256:a91c17edf6eea2402cb5457b4c89e99bc5ed1004aa34c4adf1d4258c1a5c22c2"},
    {file = "pydantic_core-2.46.5-cp314-cp314-musllinux_1_1_armv7l.whl", hash = "sha256:b49924c73a235e969511bf2aabdff3beebf9820931f646c80274d5d780010c47"},
    {file = "pydantic_core-2.46.5-cp314-cp314-musllinux_1_1_x86_64.whl", hash = "sha256:2cbd9a5eff05e51c447c34dfa4632145b26b09120cf04bd0c871e44c1a5e1c9a"},
    {file = "pydantic_core-2.46.5-cp314-cp314-win32.whl", hash = "sha256:2d5d76654becf5efd62c9e51c3756c67b49498b0c9a40884934c40807adbd074"},
    {file = "pydantic_core-2.46.5-cp314-cp314-win_amd64.whl", hash = "sha256:fa10ef4112775900e7a0661068635eb67b2ab824fbde764de6e0e21982a93db0"},
    {file = "pydantic_core-2.46.5-cp314-cp314-win_arm64.whl", hash = "sha256:045ab3b6d308439e32b81cc173bba5b9018bc6ed896afd0c65b3b009b1699af5"},
    {file = "pydantic_core-2.46.5-cp314-cp314t-macosx_10_12_x86_64.whl", hash = "sha256:8816f3d218beb4b787de5c9759c259b8fa61f9dec42dc7811f320a33771778b7"},
    {file = "pydantic_core-2.46.5-cp314-cp314t-macosx_11_0_arm64.whl", hash = "sha256:bce57638e08ac148e5778cce7feb968307a727d66f8e2274a543d0cf0c9ad6a3"},
    {file = "pydantic_core-2.46.5-cp314-cp314t-manylinux_2_17_aarch64.manylinux2014_aarch64.whl", hash = "sha256:976e1128455aa595ea04c79ccfedff1aaeab96ee013fcc916bed120c4f0ad94f"},
    {file = "pydantic_core-2.46.5-cp314-cp314t-manylinux_2_17_armv7l.manylinux2014_armv7l.whl", hash = "sha256:e7b891faeedeafba41b2983e5001a81b6a915b69544c7e7570d1989ce1c36ac7"},
    {file = "pydantic_core-2.46.5-cp314-cp314t-manylinux_2_17_ppc64le.manylinux2014_ppc64le.whl", hash = "sha256:5f194189415698233dd1114a093a9b56e61e2c57e11b469be3b0506f46f0771c"},
    {file = "pydantic_core-2.46.5-cp314-cp314t-manylinux_2_17_s390x.manylinux2014_s390x.whl", hash = "sha256:82a36973cf8a2ef5406f4fe2edbf8ed0c99629535d959e0b100c76a32535a111"},
    {file = "pydantic_core-2.46.5-cp314-cp314t-manylinux_2_17_x86_64.manylinux2014_x86_64.whl", hash = "sha256:cdbb78909f52b981d3b2d56b97328d71eb0b974c36bd77c920123a7ebb192829"},
    {file = "pydantic_core-2.46.5-cp314-cp314t-manylinux_2_31_riscv64.whl", hash = "sha256:52e24eacdb536cade636aa90fb851835222becff8484b7001fdc78cb0290f2aa"},
    {file = "pydantic_core-2.46.5-cp314-cp314t-manylinux_2_5_i686.manylinux1_i686.whl", hash = "sha256:37ae34309d7bd8c0d61ab839668058f2a7962ea1fc51d105d2db228fe0618034"},
    {file = "pydantic_core-2.46.5-cp314-cp314t-musllinux_1_1_aarch64.whl", hash = "sha256:0cdbada856a1c69a7624a64d3d9aefe79300bd6ef827b43a4f265010b9b55184"},
    {file = "pydantic_core-2.46.5-cp314-cp314t-musllinux_1_1_armv7l.whl", hash = "sha256:545f26c504b27c3758439a5e6d9349931f0a04f855668d5fe323c89e82300a38"},
    {file = "pydantic_core-2.46.5-cp314-cp314t-musllinux_1_1_x86_64.whl", hash = "sha256:ff218293c9c806138dca139765e3b067621be52bcd93cdc14c7711be7ddc90a9"},
    {file = "pydantic_core-2.46.5-cp314-cp314t-win32.whl", hash = "sha256:97cf3eb53a8cccacf9d46686a0926186c9bfb5574f2ed66d3639d5fe117cd3a9"},
    {file = "pydantic_core-2.46.5-cp314-cp314t-win_amd64.whl", hash = "sha256:d2f9fc07a8042a8f95925b35c4f04f469707c981fc33245b6ca187cf5d2dd290"},
    {file = "pydantic_core-2.46.5-cp314-cp314t-win_arm64.whl", hash = "sha256:acf8a67ba51f4ca9ddbd0e6b3000a65ac51ab734661778b3e7ba64d99a710f2f"},
    {file = "pydantic_core-2.46.5.tar.gz", hash = "sha256:10416c15b8839ecc4ef4d0885da76da6fd0f67333a0eb8aff6d93c4b8f2910fc"},
]

[[package]]
name = "pygments"
version = "2.21.0"
summary = ""
files = [
    {file = "pygments-2.21.0-py3-none-any.whl", hash = "sha256:2363c69b61c4a97c838da3b130dcd6468f4848992b21a82f2a63ec34377137d9"},
    {file = "pygments-2.21.0.tar.gz", hash = "sha256:610ca751c9bc2492b38eb9a38a7fbc93edbbb2d7182edaf34e66ae493dee5c8c"},
]

[[package]]
name = "pyjwt"
version = "2.13.0"
summary = ""
files = [
    {file = "pyjwt-2.13.0-py3-none-any.whl", hash = "sha256:66adcc2aff09b3f1bbd95fc1e1577df8ac8723c978552fd43304c8a290ac5728"},
    {file = "pyjwt-2.13.0.tar.gz", hash = "sha256:41571c89ca91598c79e8ef18a2d07367d4810fbbd6f637794879baf1b7703423"},
]

[[package]]
name = "pyrefly"
version = "1.2.0"
summary = ""
files = [
    {file = "pyrefly-1.2.0-py3-none-macosx_10_12_x86_64.whl", hash = "sha256:7f46d983ac49ddd2b043694960a01dc6a19a5cfd8eec609d6bd9c42866f91b4e"},
    {file = "pyrefly-1.2.0-py3-none-macosx_11_0_arm64.whl", hash = "sha256:756f669b5555090f5c1a4fef30db1785fabe657764f7e4e6dc88994dfb8ca82d"},
    {file = "pyrefly-1.2.0-py3-none-manylinux_2_17_aarch64.manylinux2014_aarch64.whl", hash = "sha256:e3465812ce5ef4781fb592edbf2724547296f0a3124be115d73c7e8b2401862d"},
    {file = "pyrefly-1.2.0-py3-none-manylinux_2_17_i686.manylinux2014_i686.whl", hash = "sha256:5de7b2ad2bba5c8055181681a84b74143eac2234a48ba5d1b7ed7e7a722b02bd"},
    {file = "pyrefly-1.2.0-py3-none-manylinux_2_17_ppc64le.manylinux2014_ppc64le.whl", hash = "sha256:25822ea9505f589ea8a725e4268b475132fb89e038fbf092e446510443ac142a"},
    {file = "pyrefly-1.2.0-py3-none-manylinux_2_17_x86_64.manylinux2014_x86_64.whl", hash = "sha256:90efe75e17491ef5d636e10469e9278d7d0256b3b4c5e1f4750069bf3ae0f5d1"},
    {file = "pyrefly-1.2.0-py3-none-musllinux_1_2_aarch64.whl", hash = "sha256:368aaf7eee4f511ddc0f8e564cf14e01ab2f10b0db9105c6d5b153bf498d07bf"},
    {file = "pyrefly-1.2.0-py3-none-musllinux_1_2_x86_64.whl", hash = "sha256:d52d5da7bc65fb7675fbaa80eda879d4f8787c494f04cac21603330d3abbdbbe"},
    {file = "pyrefly-1.2.0-py3-none-win32.whl", hash = "sha256:8c90751de8506d938e8f802659c74cf35bd7a0036510ee6c634a38eebb280bfa"},
    {file = "pyrefly-1.2.0-py3-none-win_amd64.whl", hash = "sha256:8a8964c224ccc4882730130955815de21ff443c1ac3f0b90685b19bf63848170"},
    {file = "pyrefly-1.2.0-py3-none-win_arm64.whl", hash = "sha256:3a90bb8df39dfbac74b1f3b2e9d7c526b8f80568884c3944d955023a73ebf61e"},
    {file = "pyrefly-1.2.0.tar.gz", hash = "sha256:5485f960fc2481617068c918335c39ab1507ef90b6b5bd35bf57726e60e73185"},
]

[[package]]
name = "pytest"
version = "9.1.1"
summary = ""
dependencies = [
    "colorama; sys_platform == \"win32\"",
    "iniconfig",
    "packaging",
    "pluggy",
    "pygments",
]
files = [
    {file = "pytest-9.1.1-py3-none-any.whl", hash = "sha256:37a86b45efb9a47a61a36449063e8e18d0cab3161329fc099eb21783169c4f0c"},
    {file = "pytest-9.1.1.tar.gz", hash = "sha256:1088fbde8f2b49d95a549a195707afa7a76a3ce9bcadc26b6d71f0ffda5fe313"},
]

[[package]]
name = "pytest-cov"
version = "7.1.0"
summary = ""
dependencies = [
    "coverage",
    "pluggy",
    "pytest",
]
files = [
    {file = "pytest_cov-7.1.0-py3-none-any.whl", hash = "sha256:a0461110b7865f9a271aa1b51e516c9a95de9d696734a2f71e3e78f46e1d4678"},
    {file = "pytest_cov-7.1.0.tar.gz", hash = "sha256:30674f2b5f6351aa09702a9c8c364f6a01c27aae0c1366ae8016160d1efc56b2"},
]

[[package]]
name = "python-dateutil"
version = "2.9.0.post0"
summary = ""
dependencies = [
    "six",
]
files = [
    {file = "python-dateutil-2.9.0.post0.tar.gz", hash = "sha256:37dd54208da7e1cd875388217d5e00ebd4179249f90fb72437e91a35459a0ad3"},
    {file = "python_dateutil-2.9.0.post0-py2.py3-none-any.whl", hash = "sha256:a8b2bc7bffae282281c8140a97d3aa9c14da0b136dfe83f850eea9a5f7470427"},
]

[[package]]
name = "python-dotenv"
version = "1.2.3"
summary = ""
files = [
    {file = "python_dotenv-1.2.3-py3-none-any.whl", hash = "sha256:904552145e8bfed22162c09dab1c2b9b54fefa7b23ba780f4f26ca0316b0f0d9"},
    {file = "python_dotenv-1.2.3.tar.gz", hash = "sha256:a20a594dabeaa385725aa239d5244871c143ecb356add8a20fcf23773a6c3a35"},
]

[[package]]
name = "ruff"
version = "0.16.6"
summary = ""
files = [
    {file = "ruff-0.16.6-py3-none-linux_armv6l.whl", hash = "sha256:61c368c26bf8e973e5ab14a2772de587bc068ea3f9a277f673380749b4898fb8"},
    {file = "ruff-0.16.6-py3-none-macosx_10_12_x86_64.whl", hash = "sha256:ecf4f068e2e123e43a26e9db4e19524cc56563912404e83bbfca375757e45a32"},
    {file = "ruff-0.16.6-py3-none-macosx_11_0_arm64.whl", hash = "sha256:99b62ea33baf130f50368798d841f0d95527b6d817bf31817b65dd058f1d314c"},
    {file = "ruff-0.16.6-py3-none-manylinux_2_17_aarch64.manylinux2014_aarch64.whl", hash = "sha256:7fbf89013f2bb3f6835a6038ff658dc8a1b38c98dc8e724b964168ad4e881876"},
    {file = "ruff-0.16.6-py3-none-manylinux_2_17_armv7l.manylinux2014_armv7l.whl", hash = "sha256:56a67065e22efa6bc4d498299d3bb06c0c90aace8fac2068b5a12f9dc4d8d51d"},
    {file = "ruff-0.16.6-py3-none-manylinux_2_17_i686.manylinux2014_i686.whl", hash = "sha256:e25cc89174874b176a157e4428d66761c2c0c006654419bf384f967f361ff1b1"},
    {file = "ruff-0.16.6-py3-none-manylinux_2_17_ppc64le.manylinux2014_ppc64le.whl", hash = "sha256:0700580ed5303723cb3c11c2f1d2a8913ce77b7ea86646dddb887f5417a9ba70"},
    {file = "ruff-0.16.6-py3-none-manylinux_2_17_s390x.manylinux2014_s390x.whl", hash = "sha256:15f1d0b6e165a6e56567befb6629f8209271311d990bae0f37e6d065035ef5f3"},
    {file = "ruff-0.16.6-py3-none-manylinux_2_17_x86_64.manylinux2014_x86_64.whl", hash = "sha256:d72c591a96986ee4268860e2b7235082129ca5e4cb9cbba653a4b57c11893757"},
    {file = "ruff-0.16.6-py3-none-manylinux_2_31_riscv64.whl", hash = "sha256:65a006baa18f33324325814c864daef03541d51564b98c517610ea756ab7003e"},
    {file = "ruff-0.16.6-py3-none-musllinux_1_2_aarch64.whl", hash = "sha256:cd02a7bf1a21a8735228a3e8c95a9dc5cf86bd2a52194f4aaae2a5755b4de0f4"},
    {file = "ruff-0.16.6-py3-none-musllinux_1_2_armv7l.whl", hash = "sha256:31b36f1e5ad85e0737f09d2be4e512e2e283583c14015da3b9dc07359ac0fc88"},
    {file = "ruff-0.16.6-py3-none-musllinux_1_2_i686.whl", hash = "sha256:61029b4ab4aa723fd3064fab96b1d814492596bf0c792679fffcbde1e1679953"},
    {file = "ruff-0.16.6-py3-none-musllinux_1_2_x86_64.whl", hash = "sha256:9ac8998457832c2061709d900856b7ad271dace0cb41f346588d540162bfa718"},
    {file = "ruff-0.16.6-py3-none-win32.whl", hash = "sha256:0b87d9d16fcb63e8018423ca1d50b7260f15cb2da33e30db4baad4183a948c25"},
    {file = "ruff-0.16.6-py3-none-win_amd64.whl", hash = "sha256:10d21c51c3495d8eaea7b703a16592117ea6eb1d649e36335aa965ff1173eb39"},
    {file = "ruff-0.16.6-py3-none-win_arm64.whl", hash = "sha256:7a976c79b958f94e50a022a19f0f8c87387448020935ec14fc74331bd0a7f2c5"},
    {file = "ruff-0.16.6.tar.gz", hash = "sha256:dcf8a73d2ff77e99dde91244b4da16feba7f14e6beeb4015dee7c5a909e99050"},
]

[[package]]
name = "six"
version = "1.17.0"
summary = ""
files = [
    {file = "six-1.17.0-py2.py3-none-any.whl", hash = "sha256:4721f391ed90541fddacab5acf947aa0d3dc7d27b2e1e8eda2be8970586c3274"},
    {file = "six-1.17.0.tar.gz", hash = "sha256:ff70335d468e7eb6ec65b95b99d3a2836546063f63acc5171de367e834932a81"},
]

[[package]]
name = "starlette"
version = "1.6.0"
summary = ""
dependencies = [
    "anyio",
]
files = [
    {file = "starlette-1.6.0-py3-none-any.whl", hash = "sha256:a86dd39d14bb45f85a3d18525215a9ef0cfd1f192ac793220e72598c90335f0c"},
    {file = "starlette-1.6.0.tar.gz", hash = "sha256:d4e3ac5e546444960c710297a3c9fc3f7ebae1b7e963f3d36173b49da535be9b"},
]

[[package]]
name = "types-psycopg2"
version = "2.9.21.20260724"
summary = ""
files = [
    {file = "types_psycopg2-2.9.21.20260724-py3-none-any.whl", hash = "sha256:4f87890dd06cea99e3bb0536330ffc2a7320e69059dc1ee0e2c884ef2718f2b4"},
    {file = "types_psycopg2-2.9.21.20260724.tar.gz", hash = "sha256:db31031c37de823a2b21c787cb84832174fdda2a99a8b1af648206f19cc32f8c"},
]

[[package]]
name = "types-requests"
version = "2.33.0.20260712"
summary = ""
dependencies = [
    "urllib3",
]
files = [
    {file = "types_requests-2.33.0.20260712-py3-none-any.whl", hash = "sha256:de027e28c171d3da529689cbfa023b0b4eab188c8dfa22fd834eebd2cee6e7bb"},
    {file = "types_requests-2.33.0.20260712.tar.gz", hash = "sha256:2141b67ab534a5c5cd2dac5034f2a35f42e699c5bf185eee608c5246a069d7fb"},
]

[[package]]
name = "typing-extensions"
version = "4.16.0"
summary = ""
files = [
    {file = "typing_extensions-4.16.0-py3-none-any.whl", hash = "sha256:481caa481374e813c1b176ada14e97f1f67a4539ce9cfeb3f350d78d6370c2e8"},
    {file = "typing_extensions-4.16.0.tar.gz", hash = "sha256:dc983d19a509c94dba722ee6abd33940f7c05a89e243c47e907eb4db6f1a43e5"},
]

[[package]]
name = "typing-inspection"
version = "0.4.4"
summary = ""
dependencies = [
    "typing-extensions",
]
files = [
    {file = "typing_inspection-0.4.4-py3-none-any.whl", hash = "sha256:65b8397ba37ccbce054456aaccddfc91e6e3083c92824df348d96ca832f3f147"},
    {file = "typing_inspection-0.4.4.tar.gz", hash = "sha256:547274fa6b0a561ccf549cc9524b999a578e737d015d8709d021f9d0d13bea47"},
]

[[package]]
name = "urllib3"
version = "2.7.0"
summary = ""
files = [
    {file = "urllib3-2.7.0-py3-none-any.whl", hash = "sha256:9fb4c81ebbb1ce9531cce37674bbc6f1360472bc18ca9a553ede278ef7276897"},
    {file = "urllib3-2.7.0.tar.gz", hash = "sha256:231e0ec3b63ceb14667c67be60f2f2c40a518cb38b03af60abc813da26505f4c"},
]

[[package]]
name = "uvicorn"
version = "0.52.4"
summary = ""
dependencies = [
    "click",
    "h11",
]
files = [
    {file = "uvicorn-0.52.4-py3-none-any.whl", hash = "sha256:f86e41a149d7d05a9969337e3946a9c171c06a5d42680896daaba624aeac8da1"},
    {file = "uvicorn-0.52.4.tar.gz", hash = "sha256:73acfee47a0b133c5de13d219492d62d8a31e935f4fe6e41a232451a15379f86"},
]
